
Microsoft Visual Studio Solution File, Format Version 12.00
# Visual Studio Version 16
VisualStudioVersion = 16.0.32802.440
MinimumVisualStudioVersion = 10.0.40219.1
Project("{FAE04EC0-301F-11D3-BF4B-00C04F79EFBC}") = "Agenda", "Agenda\Agenda.csproj", "{01EAF2EA-00A5-4ECE-845D-D27258B201DE}"
EndProject
Global
	GlobalSection(SolutionConfigurationPlatforms) = preSolution
		Debug|Any CPU = Debug|Any CPU
		Release|Any CPU = Release|Any CPU
	EndGlobalSection
	GlobalSection(ProjectConfigurationPlatforms) = postSolution
		{01EAF2EA-00A5-4ECE-845D-D27258B201DE}.Debug|Any CPU.ActiveCfg = Debug|Any CPU
		{01EAF2EA-00A5-4ECE-845D-D27258B201DE}.Debug|Any CPU.Build.0 = Debug|Any CPU
		{01EAF2EA-00A5-4ECE-845D-D27258B201DE}.Release|Any CPU.ActiveCfg = Release|Any CPU
		{01EAF2EA-00A5-4ECE-845D-D27258B201DE}.Release|Any CPU.Build.0 = Release|Any CPU
	EndGlobalSection
	GlobalSection(SolutionProperties) = preSolution
		HideSolutionNode = FALSE
	EndGlobalSection
	GlobalSection(ExtensibilityGlobals) = postSolution
		SolutionGuid = {AE9C5E7B-C572-4AE2-85EE-7D35EC5EC634}
	EndGlobalSection
EndGlobal
